# This file is autogenerated, do not edit; changes may be undone by the next 'dep ensure'.


[[projects]]
  name = "github.com/astaxie/beego"
  packages = [
    ".",
    "config",
    "context",
    "context/param",
    "grace",
    "logs",
    "session",
    "toolbox",
    "utils"
  ]
  revision = "bf5c5626ab429e66d88602e1ab1ab5fbf4629a01"
  version = "v1.9.2"

[[projects]]
  name = "github.com/gin-gonic/gin"
  packages = [
    ".",
    "binding",
    "render"
  ]
  revision = "50e7e427300a7eeeb299a4cd5bc1ebfa04d48528"
  version = "v0.5"

[[projects]]
  name = "github.com/julienschmidt/httprouter"
  packages = ["."]
  revision = "00ce1c6a267162792c367acc43b1681a884e1872"

[[projects]]
  branch = "v1"
  name = "gopkg.in/bsm/ratelimit.v1"
  packages = ["."]
  revision = "db14e161995a5177acef654cb0dd785e8ee8bc22"

[[projects]]
  name = "gopkg.in/redis.v4"
  packages = [
    ".",
    "internal",
    "internal/consistenthash",
    "internal/errors",
    "internal/hashtag",
    "internal/pool",
    "internal/proto"
  ]
  revision = "c938162545c57136fa59879746bc65d0f1db3d1e"
  version = "v4.2.4"

[solve-meta]
  analyzer-name = "dep"
  analyzer-version = 1
  inputs-digest = "68f9ce7d725e25b1bbe53987dd5c3dcae6af7268122b0c00fad558b22deebd53"
  solver-name = "gps-cdcl"
  solver-version = 1
